# This file is automatically @generated by Cargo.
# It is not intended for manual editing.
version = 4

[[package]]
name = "yuyib-source1-assets"
version = "0.1.0"
dependencies = [
 "yuyib-vmt",
 "yuyib-vtf",
]

[[package]]
name = "yuyib-vmf"
version = "0.1.0"

[[package]]
name = "yuyib-vmt"
version = "0.1.0"
dependencies = [
 "yuyib-vmf",
]

[[package]]
name = "yuyib-vtf"
version = "0.1.0"
